// !$*UTF8*$!
{
	archiveVersion = 1;
	classes = {
	};
	objectVersion = 51;
	objects = {

/* Begin PBXBuildFile section */
		6F0AEF1525F62E78009DA436 /* AppDelegate.swift in Sources */ = {isa = PBXBuildFile; fileRef = 6F0AEF1425F62E78009DA436 /* AppDelegate.swift */; };
		6F0AEF1725F62E78009DA436 /* SceneDelegate.swift in Sources */ = {isa = PBXBuildFile; fileRef = 6F0AEF1625F62E78009DA436 /* SceneDelegate.swift */; };
		6F0AEF1925F62E78009DA436 /* HomeViewController.swift in Sources */ = {isa = PBXBuildFile; fileRef = 6F0AEF1825F62E78009DA436 /* HomeViewController.swift */; };
		6F0AEF1C25F62E78009DA436 /* Main.storyboard in Resources */ = {isa = PBXBuildFile; fileRef = 6F0AEF1A25F62E78009DA436 /* Main.storyboard */; };
		6F0AEF1E25F62E78009DA436 /* Assets.xcassets in Resources */ = {isa = PBXBuildFile; fileRef = 6F0AEF1D25F62E78009DA436 /* Assets.xcassets */; };
		6F0AEF2125F62E78009DA436 /* LaunchScreen.storyboard in Resources */ = {isa = PBXBuildFile; fileRef = 6F0AEF1F25F62E78009DA436 /* LaunchScreen.storyboard */; };
		6F0AEF2C25F62E79009DA436 /* PaceMakerTests.swift in Sources */ = {isa = PBXBuildFile; fileRef = 6F0AEF2B25F62E79009DA436 /* PaceMakerTests.swift */; };
		6F0AEF3725F62E79009DA436 /* PaceMakerUITests.swift in Sources */ = {isa = PBXBuildFile; fileRef = 6F0AEF3625F62E79009DA436 /* PaceMakerUITests.swift */; };
		6F0C0A7225F787E0008EDF20 /* ContainerViewController.swift in Sources */ = {isa = PBXBuildFile; fileRef = 6F0C0A7125F787E0008EDF20 /* ContainerViewController.swift */; };
		6F0C0A7825F78CF1008EDF20 /* Rx+.swift in Sources */ = {isa = PBXBuildFile; fileRef = 6F0C0A7725F78CF1008EDF20 /* Rx+.swift */; };
		6F0C0A8B25F792AB008EDF20 /* ViewController+.swift in Sources */ = {isa = PBXBuildFile; fileRef = 6F0C0A8A25F792AB008EDF20 /* ViewController+.swift */; };
		6F0D00DC2611E58800BE5E50 /* Record.swift in Sources */ = {isa = PBXBuildFile; fileRef = 6F0D00DB2611E58800BE5E50 /* Record.swift */; };
		6F0D00E12611E79600BE5E50 /* VCFactorable.swift in Sources */ = {isa = PBXBuildFile; fileRef = 6F0D00E02611E79600BE5E50 /* VCFactorable.swift */; };
		6F206D37260A0A5F00641B99 /* Alertable.swift in Sources */ = {isa = PBXBuildFile; fileRef = 6F206D36260A0A5F00641B99 /* Alertable.swift */; };
		6F32C241260A0D8700027863 /* PaceScene.swift in Sources */ = {isa = PBXBuildFile; fileRef = 6F32C240260A0D8700027863 /* PaceScene.swift */; };
		6F32C246260A0E0900027863 /* StoryBoard+.swift in Sources */ = {isa = PBXBuildFile; fileRef = 6F32C245260A0E0900027863 /* StoryBoard+.swift */; };
		6F32C24B260A0EAC00027863 /* NSObject+.swift in Sources */ = {isa = PBXBuildFile; fileRef = 6F32C24A260A0EAC00027863 /* NSObject+.swift */; };
		6F32C251260A101900027863 /* ResultViewController.swift in Sources */ = {isa = PBXBuildFile; fileRef = 6F32C250260A101900027863 /* ResultViewController.swift */; };
		6F32C259260A102200027863 /* Result.storyboard in Resources */ = {isa = PBXBuildFile; fileRef = 6F32C258260A102200027863 /* Result.storyboard */; };
		6F32C25F260A10A900027863 /* CalendarViewController.swift in Sources */ = {isa = PBXBuildFile; fileRef = 6F32C25E260A10A900027863 /* CalendarViewController.swift */; };
		6F32C26A260A14B400027863 /* Pace.xcdatamodeld in Sources */ = {isa = PBXBuildFile; fileRef = 6F32C268260A14B400027863 /* Pace.xcdatamodeld */; };
		6F32C288260A167600027863 /* Pace+CoreDataClass.swift in Sources */ = {isa = PBXBuildFile; fileRef = 6F32C286260A167600027863 /* Pace+CoreDataClass.swift */; };
		6F32C289260A167600027863 /* Pace+CoreDataProperties.swift in Sources */ = {isa = PBXBuildFile; fileRef = 6F32C287260A167600027863 /* Pace+CoreDataProperties.swift */; };
		6F32C28E260A174300027863 /* PaceDataManager.swift in Sources */ = {isa = PBXBuildFile; fileRef = 6F32C28D260A174300027863 /* PaceDataManager.swift */; };
		6F32C293260A22A300027863 /* PaceDataManager+Rx.swift in Sources */ = {isa = PBXBuildFile; fileRef = 6F32C292260A22A300027863 /* PaceDataManager+Rx.swift */; };
		6F6C3B80261DE570004AC28D /* CalendarCell.swift in Sources */ = {isa = PBXBuildFile; fileRef = 6F6C3B7E261DE570004AC28D /* CalendarCell.swift */; };
		6F6C3B81261DE570004AC28D /* CalendarCell.xib in Resources */ = {isa = PBXBuildFile; fileRef = 6F6C3B7F261DE570004AC28D /* CalendarCell.xib */; };
		6F6C3B9A261DE657004AC28D /* StrokeView.swift in Sources */ = {isa = PBXBuildFile; fileRef = 6F6C3B99261DE657004AC28D /* StrokeView.swift */; };
		6F96DA9A26020C5B008E8D89 /* RxCLLocationDelegateProxy.swift in Sources */ = {isa = PBXBuildFile; fileRef = 6F96DA9926020C5B008E8D89 /* RxCLLocationDelegateProxy.swift */; };
		6FD4A87725F6348100838BAE /* PaceViewController.swift in Sources */ = {isa = PBXBuildFile; fileRef = 6FD4A87625F6348100838BAE /* PaceViewController.swift */; };
		6FD4A87C25F7134E00838BAE /* PaceViewModel.swift in Sources */ = {isa = PBXBuildFile; fileRef = 6FD4A87B25F7134E00838BAE /* PaceViewModel.swift */; };
		A89DA4A87A0F1CF1C75C54C4 /* Pods_PaceMakerTests.framework in Frameworks */ = {isa = PBXBuildFile; fileRef = CBB675C25F47DA114121BDCF /* Pods_PaceMakerTests.framework */; };
		DBAE0633108329BD964F5762 /* Pods_PaceMaker_PaceMakerUITests.framework in Frameworks */ = {isa = PBXBuildFile; fileRef = 83DF7F47632BFD753009A0C4 /* Pods_PaceMaker_PaceMakerUITests.framework */; };
		F5DEFBD88501FC61A0DA8C63 /* Pods_PaceMaker.framework in Frameworks */ = {isa = PBXBuildFile; fileRef = C5F437667B6049EFE006A125 /* Pods_PaceMaker.framework */; };
/* End PBXBuildFile section */

/* Begin PBXContainerItemProxy section */
		6F0AEF2825F62E79009DA436 /* PBXContainerItemProxy */ = {
			isa = PBXContainerItemProxy;
			containerPortal = 6F0AEF0925F62E78009DA436 /* Project object */;
			proxyType = 1;
			remoteGlobalIDString = 6F0AEF1025F62E78009DA436;
			remoteInfo = PaceMaker;
		};
		6F0AEF3325F62E79009DA436 /* PBXContainerItemProxy */ = {
			isa = PBXContainerItemProxy;
			containerPortal = 6F0AEF0925F62E78009DA436 /* Project object */;
			proxyType = 1;
			remoteGlobalIDString = 6F0AEF1025F62E78009DA436;
			remoteInfo = PaceMaker;
		};
/* End PBXContainerItemProxy section */

/* Begin PBXFileReference section */
		039C1CBDAF7F89AE23304921 /* Pods-PaceMaker.debug.xcconfig */ = {isa = PBXFileReference; includeInIndex = 1; lastKnownFileType = text.xcconfig; name = "Pods-PaceMaker.debug.xcconfig"; path = "Target Support Files/Pods-PaceMaker/Pods-PaceMaker.debug.xcconfig"; sourceTree = "<group>"; };
		3E21784E3A880EC290C2B2EE /* Pods-PaceMakerTests.debug.xcconfig */ = {isa = PBXFileReference; includeInIndex = 1; lastKnownFileType = text.xcconfig; name = "Pods-PaceMakerTests.debug.xcconfig"; path = "Target Support Files/Pods-PaceMakerTests/Pods-PaceMakerTests.debug.xcconfig"; sourceTree = "<group>"; };
		6F0AEF1125F62E78009DA436 /* PaceMaker.app */ = {isa = PBXFileReference; explicitFileType = wrapper.application; includeInIndex = 0; path = PaceMaker.app; sourceTree = BUILT_PRODUCTS_DIR; };
		6F0AEF1425F62E78009DA436 /* AppDelegate.swift */ = {isa = PBXFileReference; lastKnownFileType = sourcecode.swift; path = AppDelegate.swift; sourceTree = "<group>"; };
		6F0AEF1625F62E78009DA436 /* SceneDelegate.swift */ = {isa = PBXFileReference; lastKnownFileType = sourcecode.swift; path = SceneDelegate.swift; sourceTree = "<group>"; };
		6F0AEF1825F62E78009DA436 /* HomeViewController.swift */ = {isa = PBXFileReference; lastKnownFileType = sourcecode.swift; path = HomeViewController.swift; sourceTree = "<group>"; };
		6F0AEF1B25F62E78009DA436 /* Base */ = {isa = PBXFileReference; lastKnownFileType = file.storyboard; name = Base; path = Base.lproj/Main.storyboard; sourceTree = "<group>"; };
		6F0AEF1D25F62E78009DA436 /* Assets.xcassets */ = {isa = PBXFileReference; lastKnownFileType = folder.assetcatalog; path = Assets.xcassets; sourceTree = "<group>"; };
		6F0AEF2025F62E78009DA436 /* Base */ = {isa = PBXFileReference; lastKnownFileType = file.storyboard; name = Base; path = Base.lproj/LaunchScreen.storyboard; sourceTree = "<group>"; };
		6F0AEF2225F62E78009DA436 /* Info.plist */ = {isa = PBXFileReference; lastKnownFileType = text.plist.xml; path = Info.plist; sourceTree = "<group>"; };
		6F0AEF2725F62E79009DA436 /* PaceMakerTests.xctest */ = {isa = PBXFileReference; explicitFileType = wrapper.cfbundle; includeInIndex = 0; path = PaceMakerTests.xctest; sourceTree = BUILT_PRODUCTS_DIR; };
		6F0AEF2B25F62E79009DA436 /* PaceMakerTests.swift */ = {isa = PBXFileReference; lastKnownFileType = sourcecode.swift; path = PaceMakerTests.swift; sourceTree = "<group>"; };
		6F0AEF2D25F62E79009DA436 /* Info.plist */ = {isa = PBXFileReference; lastKnownFileType = text.plist.xml; path = Info.plist; sourceTree = "<group>"; };
		6F0AEF3225F62E79009DA436 /* PaceMakerUITests.xctest */ = {isa = PBXFileReference; explicitFileType = wrapper.cfbundle; includeInIndex = 0; path = PaceMakerUITests.xctest; sourceTree = BUILT_PRODUCTS_DIR; };
		6F0AEF3625F62E79009DA436 /* PaceMakerUITests.swift */ = {isa = PBXFileReference; lastKnownFileType = sourcecode.swift; path = PaceMakerUITests.swift; sourceTree = "<group>"; };
		6F0AEF3825F62E79009DA436 /* Info.plist */ = {isa = PBXFileReference; lastKnownFileType = text.plist.xml; path = Info.plist; sourceTree = "<group>"; };
		6F0C0A7125F787E0008EDF20 /* ContainerViewController.swift */ = {isa = PBXFileReference; lastKnownFileType = sourcecode.swift; path = ContainerViewController.swift; sourceTree = "<group>"; };
		6F0C0A7725F78CF1008EDF20 /* Rx+.swift */ = {isa = PBXFileReference; lastKnownFileType = sourcecode.swift; path = "Rx+.swift"; sourceTree = "<group>"; };
		6F0C0A8A25F792AB008EDF20 /* ViewController+.swift */ = {isa = PBXFileReference; lastKnownFileType = sourcecode.swift; path = "ViewController+.swift"; sourceTree = "<group>"; };
		6F0D00DB2611E58800BE5E50 /* Record.swift */ = {isa = PBXFileReference; lastKnownFileType = sourcecode.swift; path = Record.swift; sourceTree = "<group>"; };
		6F0D00E02611E79600BE5E50 /* VCFactorable.swift */ = {isa = PBXFileReference; lastKnownFileType = sourcecode.swift; path = VCFactorable.swift; sourceTree = "<group>"; };
		6F206D36260A0A5F00641B99 /* Alertable.swift */ = {isa = PBXFileReference; lastKnownFileType = sourcecode.swift; path = Alertable.swift; sourceTree = "<group>"; };
		6F32C240260A0D8700027863 /* PaceScene.swift */ = {isa = PBXFileReference; lastKnownFileType = sourcecode.swift; path = PaceScene.swift; sourceTree = "<group>"; };
		6F32C245260A0E0900027863 /* StoryBoard+.swift */ = {isa = PBXFileReference; lastKnownFileType = sourcecode.swift; path = "StoryBoard+.swift"; sourceTree = "<group>"; };
		6F32C24A260A0EAC00027863 /* NSObject+.swift */ = {isa = PBXFileReference; lastKnownFileType = sourcecode.swift; path = "NSObject+.swift"; sourceTree = "<group>"; };
		6F32C250260A101900027863 /* ResultViewController.swift */ = {isa = PBXFileReference; lastKnownFileType = sourcecode.swift; path = ResultViewController.swift; sourceTree = "<group>"; };
		6F32C258260A102200027863 /* Result.storyboard */ = {isa = PBXFileReference; lastKnownFileType = file.storyboard; path = Result.storyboard; sourceTree = "<group>"; };
		6F32C25E260A10A900027863 /* CalendarViewController.swift */ = {isa = PBXFileReference; lastKnownFileType = sourcecode.swift; path = CalendarViewController.swift; sourceTree = "<group>"; };
		6F32C269260A14B400027863 /* Pace.xcdatamodel */ = {isa = PBXFileReference; lastKnownFileType = wrapper.xcdatamodel; path = Pace.xcdatamodel; sourceTree = "<group>"; };
		6F32C286260A167600027863 /* Pace+CoreDataClass.swift */ = {isa = PBXFileReference; fileEncoding = 4; lastKnownFileType = sourcecode.swift; path = "Pace+CoreDataClass.swift"; sourceTree = "<group>"; };
		6F32C287260A167600027863 /* Pace+CoreDataProperties.swift */ = {isa = PBXFileReference; fileEncoding = 4; lastKnownFileType = sourcecode.swift; path = "Pace+CoreDataProperties.swift"; sourceTree = "<group>"; };
		6F32C28D260A174300027863 /* PaceDataManager.swift */ = {isa = PBXFileReference; lastKnownFileType = sourcecode.swift; path = PaceDataManager.swift; sourceTree = "<group>"; };
		6F32C292260A22A300027863 /* PaceDataManager+Rx.swift */ = {isa = PBXFileReference; lastKnownFileType = sourcecode.swift; path = "PaceDataManager+Rx.swift"; sourceTree = "<group>"; };
		6F6C3B7E261DE570004AC28D /* CalendarCell.swift */ = {isa = PBXFileReference; lastKnownFileType = sourcecode.swift; path = CalendarCell.swift; sourceTree = "<group>"; };
		6F6C3B7F261DE570004AC28D /* CalendarCell.xib */ = {isa = PBXFileReference; lastKnownFileType = file.xib; path = CalendarCell.xib; sourceTree = "<group>"; };
		6F6C3B99261DE657004AC28D /* StrokeView.swift */ = {isa = PBXFileReference; lastKnownFileType = sourcecode.swift; path = StrokeView.swift; sourceTree = "<group>"; };
		6F96DA9926020C5B008E8D89 /* RxCLLocationDelegateProxy.swift */ = {isa = PBXFileReference; lastKnownFileType = sourcecode.swift; path = RxCLLocationDelegateProxy.swift; sourceTree = "<group>"; };
		6FD4A87625F6348100838BAE /* PaceViewController.swift */ = {isa = PBXFileReference; lastKnownFileType = sourcecode.swift; path = PaceViewController.swift; sourceTree = "<group>"; };
		6FD4A87B25F7134E00838BAE /* PaceViewModel.swift */ = {isa = PBXFileReference; lastKnownFileType = sourcecode.swift; path = PaceViewModel.swift; sourceTree = "<group>"; };
		83DF7F47632BFD753009A0C4 /* Pods_PaceMaker_PaceMakerUITests.framework */ = {isa = PBXFileReference; explicitFileType = wrapper.framework; includeInIndex = 0; path = Pods_PaceMaker_PaceMakerUITests.framework; sourceTree = BUILT_PRODUCTS_DIR; };
		88D9919B0ECBA3CC14076861 /* Pods-PaceMakerTests.release.xcconfig */ = {isa = PBXFileReference; includeInIndex = 1; lastKnownFileType = text.xcconfig; name = "Pods-PaceMakerTests.release.xcconfig"; path = "Target Support Files/Pods-PaceMakerTests/Pods-PaceMakerTests.release.xcconfig"; sourceTree = "<group>"; };
		B6496B1806872D6C3A80EB7A /* Pods-PaceMaker-PaceMakerUITests.debug.xcconfig */ = {isa = PBXFileReference; includeInIndex = 1; lastKnownFileType = text.xcconfig; name = "Pods-PaceMaker-PaceMakerUITests.debug.xcconfig"; path = "Target Support Files/Pods-PaceMaker-PaceMakerUITests/Pods-PaceMaker-PaceMakerUITests.debug.xcconfig"; sourceTree = "<group>"; };
		C5F437667B6049EFE006A125 /* Pods_PaceMaker.framework */ = {isa = PBXFileReference; explicitFileType = wrapper.framework; includeInIndex = 0; path = Pods_PaceMaker.framework; sourceTree = BUILT_PRODUCTS_DIR; };
		CBB675C25F47DA114121BDCF /* Pods_PaceMakerTests.framework */ = {isa = PBXFileReference; explicitFileType = wrapper.framework; includeInIndex = 0; path = Pods_PaceMakerTests.framework; sourceTree = BUILT_PRODUCTS_DIR; };
		D21DCB31DC9D7695C3F8C7D5 /* Pods-PaceMaker-PaceMakerUITests.release.xcconfig */ = {isa = PBXFileReference; includeInIndex = 1; lastKnownFileType = text.xcconfig; name = "Pods-PaceMaker-PaceMakerUITests.release.xcconfig"; path = "Target Support Files/Pods-PaceMaker-PaceMakerUITests/Pods-PaceMaker-PaceMakerUITests.release.xcconfig"; sourceTree = "<group>"; };
		FE3DAED49DE27D7C85B819DB /* Pods-PaceMaker.release.xcconfig */ = {isa = PBXFileReference; includeInIndex = 1; lastKnownFileType = text.xcconfig; name = "Pods-PaceMaker.release.xcconfig"; path = "Target Support Files/Pods-PaceMaker/Pods-PaceMaker.release.xcconfig"; sourceTree = "<group>"; };
/* End PBXFileReference section */

/* Begin PBXFrameworksBuildPhase section */
		6F0AEF0E25F62E78009DA436 /* Frameworks */ = {
			isa = PBXFrameworksBuildPhase;
			buildActionMask = 2147483647;
			files = (
				F5DEFBD88501FC61A0DA8C63 /* Pods_PaceMaker.framework in Frameworks */,
			);
			runOnlyForDeploymentPostprocessing = 0;
		};
		6F0AEF2425F62E79009DA436 /* Frameworks */ = {
			isa = PBXFrameworksBuildPhase;
			buildActionMask = 2147483647;
			files = (
				A89DA4A87A0F1CF1C75C54C4 /* Pods_PaceMakerTests.framework in Frameworks */,
			);
			runOnlyForDeploymentPostprocessing = 0;
		};
		6F0AEF2F25F62E79009DA436 /* Frameworks */ = {
			isa = PBXFrameworksBuildPhase;
			buildActionMask = 2147483647;
			files = (
				DBAE0633108329BD964F5762 /* Pods_PaceMaker_PaceMakerUITests.framework in Frameworks */,
			);
			runOnlyForDeploymentPostprocessing = 0;
		};
/* End PBXFrameworksBuildPhase section */

/* Begin PBXGroup section */
		6F0AEF0825F62E78009DA436 = {
			isa = PBXGroup;
			children = (
				6F0AEF1325F62E78009DA436 /* PaceMaker */,
				6F0AEF2A25F62E79009DA436 /* PaceMakerTests */,
				6F0AEF3525F62E79009DA436 /* PaceMakerUITests */,
				6F0AEF1225F62E78009DA436 /* Products */,
				E229A89EBDB83E67AA63D027 /* Pods */,
				9C59631C5B76990CFB92629F /* Frameworks */,
			);
			sourceTree = "<group>";
		};
		6F0AEF1225F62E78009DA436 /* Products */ = {
			isa = PBXGroup;
			children = (
				6F0AEF1125F62E78009DA436 /* PaceMaker.app */,
				6F0AEF2725F62E79009DA436 /* PaceMakerTests.xctest */,
				6F0AEF3225F62E79009DA436 /* PaceMakerUITests.xctest */,
			);
			name = Products;
			sourceTree = "<group>";
		};
		6F0AEF1325F62E78009DA436 /* PaceMaker */ = {
			isa = PBXGroup;
			children = (
				6F0AEF1425F62E78009DA436 /* AppDelegate.swift */,
				6F0AEF1625F62E78009DA436 /* SceneDelegate.swift */,
				6F0AEF2225F62E78009DA436 /* Info.plist */,
				6F32C266260A149400027863 /* Resources */,
				6F0C0A7625F78CE8008EDF20 /* Common */,
				6FD4A87525F6346600838BAE /* Scene */,
			);
			path = PaceMaker;
			sourceTree = "<group>";
		};
		6F0AEF2A25F62E79009DA436 /* PaceMakerTests */ = {
			isa = PBXGroup;
			children = (
				6F0AEF2B25F62E79009DA436 /* PaceMakerTests.swift */,
				6F0AEF2D25F62E79009DA436 /* Info.plist */,
			);
			path = PaceMakerTests;
			sourceTree = "<group>";
		};
		6F0AEF3525F62E79009DA436 /* PaceMakerUITests */ = {
			isa = PBXGroup;
			children = (
				6F0AEF3625F62E79009DA436 /* PaceMakerUITests.swift */,
				6F0AEF3825F62E79009DA436 /* Info.plist */,
			);
			path = PaceMakerUITests;
			sourceTree = "<group>";
		};
		6F0C0A7625F78CE8008EDF20 /* Common */ = {
			isa = PBXGroup;
			children = (
				6F32C267260A14A500027863 /* Model */,
				6F206D3B260A0A6500641B99 /* Protocol */,
				6F0C0A7C25F78CF4008EDF20 /* Extension */,
				6F32C240260A0D8700027863 /* PaceScene.swift */,
				6F6C3B99261DE657004AC28D /* StrokeView.swift */,
			);
			path = Common;
			sourceTree = "<group>";
		};
		6F0C0A7C25F78CF4008EDF20 /* Extension */ = {
			isa = PBXGroup;
			children = (
				6F0C0A7725F78CF1008EDF20 /* Rx+.swift */,
				6F96DA9926020C5B008E8D89 /* RxCLLocationDelegateProxy.swift */,
				6F0C0A8A25F792AB008EDF20 /* ViewController+.swift */,
				6F32C245260A0E0900027863 /* StoryBoard+.swift */,
				6F32C24A260A0EAC00027863 /* NSObject+.swift */,
				6F32C292260A22A300027863 /* PaceDataManager+Rx.swift */,
			);
			path = Extension;
			sourceTree = "<group>";
		};
		6F206D3B260A0A6500641B99 /* Protocol */ = {
			isa = PBXGroup;
			children = (
				6F206D36260A0A5F00641B99 /* Alertable.swift */,
				6F0D00E02611E79600BE5E50 /* VCFactorable.swift */,
			);
			path = Protocol;
			sourceTree = "<group>";
		};
		6F32C24F260A0FB100027863 /* Result */ = {
			isa = PBXGroup;
			children = (
				6F32C250260A101900027863 /* ResultViewController.swift */,
				6F32C258260A102200027863 /* Result.storyboard */,
			);
			path = Result;
			sourceTree = "<group>";
		};
		6F32C25D260A109B00027863 /* Calendar */ = {
			isa = PBXGroup;
			children = (
				6F32C25E260A10A900027863 /* CalendarViewController.swift */,
				6F6C3B7E261DE570004AC28D /* CalendarCell.swift */,
				6F6C3B7F261DE570004AC28D /* CalendarCell.xib */,
			);
			path = Calendar;
			sourceTree = "<group>";
		};
		6F32C266260A149400027863 /* Resources */ = {
			isa = PBXGroup;
			children = (
				6F0AEF1A25F62E78009DA436 /* Main.storyboard */,
				6F0AEF1D25F62E78009DA436 /* Assets.xcassets */,
				6F0AEF1F25F62E78009DA436 /* LaunchScreen.storyboard */,
			);
			path = Resources;
			sourceTree = "<group>";
		};
		6F32C267260A14A500027863 /* Model */ = {
			isa = PBXGroup;
			children = (
				6F32C268260A14B400027863 /* Pace.xcdatamodeld */,
				6F32C286260A167600027863 /* Pace+CoreDataClass.swift */,
				6F32C287260A167600027863 /* Pace+CoreDataProperties.swift */,
				6F32C28D260A174300027863 /* PaceDataManager.swift */,
				6F0D00DB2611E58800BE5E50 /* Record.swift */,
			);
			path = Model;
			sourceTree = "<group>";
		};
		6F50491825FA4D31009DE896 /* Pace */ = {
			isa = PBXGroup;
			children = (
				6FD4A87625F6348100838BAE /* PaceViewController.swift */,
				6FD4A87B25F7134E00838BAE /* PaceViewModel.swift */,
			);
			path = Pace;
			sourceTree = "<group>";
		};
		6FD4A87525F6346600838BAE /* Scene */ = {
			isa = PBXGroup;
			children = (
				6F0C0A7125F787E0008EDF20 /* ContainerViewController.swift */,
				6F0AEF1825F62E78009DA436 /* HomeViewController.swift */,
				6F32C25D260A109B00027863 /* Calendar */,
				6F32C24F260A0FB100027863 /* Result */,
				6F50491825FA4D31009DE896 /* Pace */,
			);
			path = Scene;
			sourceTree = "<group>";
		};
		9C59631C5B76990CFB92629F /* Frameworks */ = {
			isa = PBXGroup;
			children = (
				C5F437667B6049EFE006A125 /* Pods_PaceMaker.framework */,
				83DF7F47632BFD753009A0C4 /* Pods_PaceMaker_PaceMakerUITests.framework */,
				CBB675C25F47DA114121BDCF /* Pods_PaceMakerTests.framework */,
			);
			name = Frameworks;
			sourceTree = "<group>";
		};
		E229A89EBDB83E67AA63D027 /* Pods */ = {
			isa = PBXGroup;
			children = (
				039C1CBDAF7F89AE23304921 /* Pods-PaceMaker.debug.xcconfig */,
				FE3DAED49DE27D7C85B819DB /* Pods-PaceMaker.release.xcconfig */,
				B6496B1806872D6C3A80EB7A /* Pods-PaceMaker-PaceMakerUITests.debug.xcconfig */,
				D21DCB31DC9D7695C3F8C7D5 /* Pods-PaceMaker-PaceMakerUITests.release.xcconfig */,
				3E21784E3A880EC290C2B2EE /* Pods-PaceMakerTests.debug.xcconfig */,
				88D9919B0ECBA3CC14076861 /* Pods-PaceMakerTests.release.xcconfig */,
			);
			path = Pods;
			sourceTree = "<group>";
		};
/* End PBXGroup section */

/* Begin PBXNativeTarget section */
		6F0AEF1025F62E78009DA436 /* PaceMaker */ = {
			isa = PBXNativeTarget;
			buildConfigurationList = 6F0AEF3B25F62E79009DA436 /* Build configuration list for PBXNativeTarget "PaceMaker" */;
			buildPhases = (
				25A46870B9E4B4E9C311314B /* [CP] Check Pods Manifest.lock */,
				6F0AEF0D25F62E78009DA436 /* Sources */,
				6F0AEF0E25F62E78009DA436 /* Frameworks */,
				6F0AEF0F25F62E78009DA436 /* Resources */,
				7D93F0B0193D2AD908CEAA4B /* [CP] Embed Pods Frameworks */,
			);
			buildRules = (
			);
			dependencies = (
			);
			name = PaceMaker;
			productName = PaceMaker;
			productReference = 6F0AEF1125F62E78009DA436 /* PaceMaker.app */;
			productType = "com.apple.product-type.application";
		};
		6F0AEF2625F62E79009DA436 /* PaceMakerTests */ = {
			isa = PBXNativeTarget;
			buildConfigurationList = 6F0AEF3E25F62E79009DA436 /* Build configuration list for PBXNativeTarget "PaceMakerTests" */;
			buildPhases = (
				78F24DC2553D374EB7AA0E60 /* [CP] Check Pods Manifest.lock */,
				6F0AEF2325F62E79009DA436 /* Sources */,
				6F0AEF2425F62E79009DA436 /* Frameworks */,
				6F0AEF2525F62E79009DA436 /* Resources */,
			);
			buildRules = (
			);
			dependencies = (
				6F0AEF2925F62E79009DA436 /* PBXTargetDependency */,
			);
			name = PaceMakerTests;
			productName = PaceMakerTests;
			productReference = 6F0AEF2725F62E79009DA436 /* PaceMakerTests.xctest */;
			productType = "com.apple.product-type.bundle.unit-test";
		};
		6F0AEF3125F62E79009DA436 /* PaceMakerUITests */ = {
			isa = PBXNativeTarget;
			buildConfigurationList = 6F0AEF4125F62E79009DA436 /* Build configuration list for PBXNativeTarget "PaceMakerUITests" */;
			buildPhases = (
				9477BF5FFDD30BF06DE30DAE /* [CP] Check Pods Manifest.lock */,
				6F0AEF2E25F62E79009DA436 /* Sources */,
				6F0AEF2F25F62E79009DA436 /* Frameworks */,
				6F0AEF3025F62E79009DA436 /* Resources */,
				6460EE30B46B35EA944E04C5 /* [CP] Embed Pods Frameworks */,
			);
			buildRules = (
			);
			dependencies = (
				6F0AEF3425F62E79009DA436 /* PBXTargetDependency */,
			);
			name = PaceMakerUITests;
			productName = PaceMakerUITests;
			productReference = 6F0AEF3225F62E79009DA436 /* PaceMakerUITests.xctest */;
			productType = "com.apple.product-type.bundle.ui-testing";
		};
/* End PBXNativeTarget section */

/* Begin PBXProject section */
		6F0AEF0925F62E78009DA436 /* Project object */ = {
			isa = PBXProject;
			attributes = {
				LastSwiftUpdateCheck = 1240;
				LastUpgradeCheck = 1240;
				TargetAttributes = {
					6F0AEF1025F62E78009DA436 = {
						CreatedOnToolsVersion = 12.4;
					};
					6F0AEF2625F62E79009DA436 = {
						CreatedOnToolsVersion = 12.4;
						TestTargetID = 6F0AEF1025F62E78009DA436;
					};
					6F0AEF3125F62E79009DA436 = {
						CreatedOnToolsVersion = 12.4;
						TestTargetID = 6F0AEF1025F62E78009DA436;
					};
				};
			};
			buildConfigurationList = 6F0AEF0C25F62E78009DA436 /* Build configuration list for PBXProject "PaceMaker" */;
			compatibilityVersion = "Xcode 9.3";
			developmentRegion = en;
			hasScannedForEncodings = 0;
			knownRegions = (
				en,
				Base,
			);
			mainGroup = 6F0AEF0825F62E78009DA436;
			productRefGroup = 6F0AEF1225F62E78009DA436 /* Products */;
			projectDirPath = "";
			projectRoot = "";
			targets = (
				6F0AEF1025F62E78009DA436 /* PaceMaker */,
				6F0AEF2625F62E79009DA436 /* PaceMakerTests */,
				6F0AEF3125F62E79009DA436 /* PaceMakerUITests */,
			);
		};
/* End PBXProject section */

/* Begin PBXResourcesBuildPhase section */
		6F0AEF0F25F62E78009DA436 /* Resources */ = {
			isa = PBXResourcesBuildPhase;
			buildActionMask = 2147483647;
			files = (
				6F0AEF2125F62E78009DA436 /* LaunchScreen.storyboard in Resources */,
				6F0AEF1E25F62E78009DA436 /* Assets.xcassets in Resources */,
				6F0AEF1C25F62E78009DA436 /* Main.storyboard in Resources */,
				6F32C259260A102200027863 /* Result.storyboard in Resources */,
				6F6C3B81261DE570004AC28D /* CalendarCell.xib in Resources */,
			);
			runOnlyForDeploymentPostprocessing = 0;
		};
		6F0AEF2525F62E79009DA436 /* Resources */ = {
			isa = PBXResourcesBuildPhase;
			buildActionMask = 2147483647;
			files = (
			);
			runOnlyForDeploymentPostprocessing = 0;
		};
		6F0AEF3025F62E79009DA436 /* Resources */ = {
			isa = PBXResourcesBuildPhase;
			buildActionMask = 2147483647;
			files = (
			);
			runOnlyForDeploymentPostprocessing = 0;
		};
/* End PBXResourcesBuildPhase section */

/* Begin PBXShellScriptBuildPhase section */
		25A46870B9E4B4E9C311314B /* [CP] Check Pods Manifest.lock */ = {
			isa = PBXShellScriptBuildPhase;
			buildActionMask = 2147483647;
			files = (
			);
			inputFileListPaths = (
			);
			inputPaths = (
				"${PODS_PODFILE_DIR_PATH}/Podfile.lock",
				"${PODS_ROOT}/Manifest.lock",
			);
			name = "[CP] Check Pods Manifest.lock";
			outputFileListPaths = (
			);
			outputPaths = (
				"$(DERIVED_FILE_DIR)/Pods-PaceMaker-checkManifestLockResult.txt",
			);
			runOnlyForDeploymentPostprocessing = 0;
			shellPath = /bin/sh;
			shellScript = "diff \"${PODS_PODFILE_DIR_PATH}/Podfile.lock\" \"${PODS_ROOT}/Manifest.lock\" > /dev/null\nif [ $? != 0 ] ; then\n    # print error to STDERR\n    echo \"error: The sandbox is not in sync with the Podfile.lock. Run 'pod install' or update your CocoaPods installation.\" >&2\n    exit 1\nfi\n# This output is used by Xcode 'outputs' to avoid re-running this script phase.\necho \"SUCCESS\" > \"${SCRIPT_OUTPUT_FILE_0}\"\n";
			showEnvVarsInLog = 0;
		};
		6460EE30B46B35EA944E04C5 /* [CP] Embed Pods Frameworks */ = {
			isa = PBXShellScriptBuildPhase;
			buildActionMask = 2147483647;
			files = (
			);
			inputFileListPaths = (
				"${PODS_ROOT}/Target Support Files/Pods-PaceMaker-PaceMakerUITests/Pods-PaceMaker-PaceMakerUITests-frameworks-${CONFIGURATION}-input-files.xcfilelist",
			);
			name = "[CP] Embed Pods Frameworks";
			outputFileListPaths = (
				"${PODS_ROOT}/Target Support Files/Pods-PaceMaker-PaceMakerUITests/Pods-PaceMaker-PaceMakerUITests-frameworks-${CONFIGURATION}-output-files.xcfilelist",
			);
			runOnlyForDeploymentPostprocessing = 0;
			shellPath = /bin/sh;
			shellScript = "\"${PODS_ROOT}/Target Support Files/Pods-PaceMaker-PaceMakerUITests/Pods-PaceMaker-PaceMakerUITests-frameworks.sh\"\n";
			showEnvVarsInLog = 0;
		};
		78F24DC2553D374EB7AA0E60 /* [CP] Check Pods Manifest.lock */ = {
			isa = PBXShellScriptBuildPhase;
			buildActionMask = 2147483647;
			files = (
			);
			inputFileListPaths = (
			);
			inputPaths = (
				"${PODS_PODFILE_DIR_PATH}/Podfile.lock",
				"${PODS_ROOT}/Manifest.lock",
			);
			name = "[CP] Check Pods Manifest.lock";
			outputFileListPaths = (
			);
			outputPaths = (
				"$(DERIVED_FILE_DIR)/Pods-PaceMakerTests-checkManifestLockResult.txt",
			);
			runOnlyForDeploymentPostprocessing = 0;
			shellPath = /bin/sh;
			shellScript = "diff \"${PODS_PODFILE_DIR_PATH}/Podfile.lock\" \"${PODS_ROOT}/Manifest.lock\" > /dev/null\nif [ $? != 0 ] ; then\n    # print error to STDERR\n    echo \"error: The sandbox is not in sync with the Podfile.lock. Run 'pod install' or update your CocoaPods installation.\" >&2\n    exit 1\nfi\n# This output is used by Xcode 'outputs' to avoid re-running this script phase.\necho \"SUCCESS\" > \"${SCRIPT_OUTPUT_FILE_0}\"\n";
			showEnvVarsInLog = 0;
		};
		7D93F0B0193D2AD908CEAA4B /* [CP] Embed Pods Frameworks */ = {
			isa = PBXShellScriptBuildPhase;
			buildActionMask = 2147483647;
			files = (
			);
			inputFileListPaths = (
				"${PODS_ROOT}/Target Support Files/Pods-PaceMaker/Pods-PaceMaker-frameworks-${CONFIGURATION}-input-files.xcfilelist",
			);
			name = "[CP] Embed Pods Frameworks";
			outputFileListPaths = (
				"${PODS_ROOT}/Target Support Files/Pods-PaceMaker/Pods-PaceMaker-frameworks-${CONFIGURATION}-output-files.xcfilelist",
			);
			runOnlyForDeploymentPostprocessing = 0;
			shellPath = /bin/sh;
			shellScript = "\"${PODS_ROOT}/Target Support Files/Pods-PaceMaker/Pods-PaceMaker-frameworks.sh\"\n";
			showEnvVarsInLog = 0;
		};
		9477BF5FFDD30BF06DE30DAE /* [CP] Check Pods Manifest.lock */ = {
			isa = PBXShellScriptBuildPhase;
			buildActionMask = 2147483647;
			files = (
			);
			inputFileListPaths = (
			);
			inputPaths = (
				"${PODS_PODFILE_DIR_PATH}/Podfile.lock",
				"${PODS_ROOT}/Manifest.lock",
			);
			name = "[CP] Check Pods Manifest.lock";
			outputFileListPaths = (
			);
			outputPaths = (
				"$(DERIVED_FILE_DIR)/Pods-PaceMaker-PaceMakerUITests-checkManifestLockResult.txt",
			);
			runOnlyForDeploymentPostprocessing = 0;
			shellPath = /bin/sh;
			shellScript = "diff \"${PODS_PODFILE_DIR_PATH}/Podfile.lock\" \"${PODS_ROOT}/Manifest.lock\" > /dev/null\nif [ $? != 0 ] ; then\n    # print error to STDERR\n    echo \"error: The sandbox is not in sync with the Podfile.lock. Run 'pod install' or update your CocoaPods installation.\" >&2\n    exit 1\nfi\n# This output is used by Xcode 'outputs' to avoid re-running this script phase.\necho \"SUCCESS\" > \"${SCRIPT_OUTPUT_FILE_0}\"\n";
			showEnvVarsInLog = 0;
		};
/* End PBXShellScriptBuildPhase section */

/* Begin PBXSourcesBuildPhase section */
		6F0AEF0D25F62E78009DA436 /* Sources */ = {
			isa = PBXSourcesBuildPhase;
			buildActionMask = 2147483647;
			files = (
				6F32C25F260A10A900027863 /* CalendarViewController.swift in Sources */,
				6F6C3B80261DE570004AC28D /* CalendarCell.swift in Sources */,
				6FD4A87C25F7134E00838BAE /* PaceViewModel.swift in Sources */,
				6F32C293260A22A300027863 /* PaceDataManager+Rx.swift in Sources */,
				6F32C26A260A14B400027863 /* Pace.xcdatamodeld in Sources */,
				6F96DA9A26020C5B008E8D89 /* RxCLLocationDelegateProxy.swift in Sources */,
				6F6C3B9A261DE657004AC28D /* StrokeView.swift in Sources */,
				6F32C28E260A174300027863 /* PaceDataManager.swift in Sources */,
				6F32C289260A167600027863 /* Pace+CoreDataProperties.swift in Sources */,
				6F0AEF1925F62E78009DA436 /* HomeViewController.swift in Sources */,
				6F0C0A8B25F792AB008EDF20 /* ViewController+.swift in Sources */,
				6F206D37260A0A5F00641B99 /* Alertable.swift in Sources */,
				6F0AEF1525F62E78009DA436 /* AppDelegate.swift in Sources */,
				6F0D00DC2611E58800BE5E50 /* Record.swift in Sources */,
				6F0AEF1725F62E78009DA436 /* SceneDelegate.swift in Sources */,
				6F0C0A7825F78CF1008EDF20 /* Rx+.swift in Sources */,
				6F32C246260A0E0900027863 /* StoryBoard+.swift in Sources */,
				6F0D00E12611E79600BE5E50 /* VCFactorable.swift in Sources */,
				6F32C251260A101900027863 /* ResultViewController.swift in Sources */,
				6F0C0A7225F787E0008EDF20 /* ContainerViewController.swift in Sources */,
				6F32C24B260A0EAC00027863 /* NSObject+.swift in Sources */,
				6FD4A87725F6348100838BAE /* PaceViewController.swift in Sources */,
				6F32C241260A0D8700027863 /* PaceScene.swift in Sources */,
				6F32C288260A167600027863 /* Pace+CoreDataClass.swift in Sources */,
			);
			runOnlyForDeploymentPostprocessing = 0;
		};
		6F0AEF2325F62E79009DA436 /* Sources */ = {
			isa = PBXSourcesBuildPhase;
			buildActionMask = 2147483647;
			files = (
				6F0AEF2C25F62E79009DA436 /* PaceMakerTests.swift in Sources */,
			);
			runOnlyForDeploymentPostprocessing = 0;
		};
		6F0AEF2E25F62E79009DA436 /* Sources */ = {
			isa = PBXSourcesBuildPhase;
			buildActionMask = 2147483647;
			files = (
				6F0AEF3725F62E79009DA436 /* PaceMakerUITests.swift in Sources */,
			);
			runOnlyForDeploymentPostprocessing = 0;
		};
/* End PBXSourcesBuildPhase section */

/* Begin PBXTargetDependency section */
		6F0AEF2925F62E79009DA436 /* PBXTargetDependency */ = {
			isa = PBXTargetDependency;
			target = 6F0AEF1025F62E78009DA436 /* PaceMaker */;
			targetProxy = 6F0AEF2825F62E79009DA436 /* PBXContainerItemProxy */;
		};
		6F0AEF3425F62E79009DA436 /* PBXTargetDependency */ = {
			isa = PBXTargetDependency;
			target = 6F0AEF1025F62E78009DA436 /* PaceMaker */;
			targetProxy = 6F0AEF3325F62E79009DA436 /* PBXContainerItemProxy */;
		};
/* End PBXTargetDependency section */

/* Begin PBXVariantGroup section */
		6F0AEF1A25F62E78009DA436 /* Main.storyboard */ = {
			isa = PBXVariantGroup;
			children = (
				6F0AEF1B25F62E78009DA436 /* Base */,
			);
			name = Main.storyboard;
			sourceTree = "<group>";
		};
		6F0AEF1F25F62E78009DA436 /* LaunchScreen.storyboard */ = {
			isa = PBXVariantGroup;
			children = (
				6F0AEF2025F62E78009DA436 /* Base */,
			);
			name = LaunchScreen.storyboard;
			sourceTree = "<group>";
		};
/* End PBXVariantGroup section */

/* Begin XCBuildConfiguration section */
		6F0AEF3925F62E79009DA436 /* Debug */ = {
			isa = XCBuildConfiguration;
			buildSettings = {
				ALWAYS_SEARCH_USER_PATHS = NO;
				CLANG_ANALYZER_NONNULL = YES;
				CLANG_ANALYZER_NUMBER_OBJECT_CONVERSION = YES_AGGRESSIVE;
				CLANG_CXX_LANGUAGE_STANDARD = "gnu++14";
				CLANG_CXX_LIBRARY = "libc++";
				CLANG_ENABLE_MODULES = YES;
				CLANG_ENABLE_OBJC_ARC = YES;
				CLANG_ENABLE_OBJC_WEAK = YES;
				CLANG_WARN_BLOCK_CAPTURE_AUTORELEASING = YES;
				CLANG_WARN_BOOL_CONVERSION = YES;
				CLANG_WARN_COMMA = YES;
				CLANG_WARN_CONSTANT_CONVERSION = YES;
				CLANG_WARN_DEPRECATED_OBJC_IMPLEMENTATIONS = YES;
				CLANG_WARN_DIRECT_OBJC_ISA_USAGE = YES_ERROR;
				CLANG_WARN_DOCUMENTATION_COMMENTS = YES;
				CLANG_WARN_EMPTY_BODY = YES;
				CLANG_WARN_ENUM_CONVERSION = YES;
				CLANG_WARN_INFINITE_RECURSION = YES;
				CLANG_WARN_INT_CONVERSION = YES;
				CLANG_WARN_NON_LITERAL_NULL_CONVERSION = YES;
				CLANG_WARN_OBJC_IMPLICIT_RETAIN_SELF = YES;
				CLANG_WARN_OBJC_LITERAL_CONVERSION = YES;
				CLANG_WARN_OBJC_ROOT_CLASS = YES_ERROR;
				CLANG_WARN_QUOTED_INCLUDE_IN_FRAMEWORK_HEADER = YES;
				CLANG_WARN_RANGE_LOOP_ANALYSIS = YES;
				CLANG_WARN_STRICT_PROTOTYPES = YES;
				CLANG_WARN_SUSPICIOUS_MOVE = YES;
				CLANG_WARN_UNGUARDED_AVAILABILITY = YES_AGGRESSIVE;
				CLANG_WARN_UNREACHABLE_CODE = YES;
				CLANG_WARN__DUPLICATE_METHOD_MATCH = YES;
				COPY_PHASE_STRIP = NO;
				DEBUG_INFORMATION_FORMAT = dwarf;
				ENABLE_STRICT_OBJC_MSGSEND = YES;
				ENABLE_TESTABILITY = YES;
				GCC_C_LANGUAGE_STANDARD = gnu11;
				GCC_DYNAMIC_NO_PIC = NO;
				GCC_NO_COMMON_BLOCKS = YES;
				GCC_OPTIMIZATION_LEVEL = 0;
				GCC_PREPROCESSOR_DEFINITIONS = (
					"DEBUG=1",
					"$(inherited)",
				);
				GCC_WARN_64_TO_32_BIT_CONVERSION = YES;
				GCC_WARN_ABOUT_RETURN_TYPE = YES_ERROR;
				GCC_WARN_UNDECLARED_SELECTOR = YES;
				GCC_WARN_UNINITIALIZED_AUTOS = YES_AGGRESSIVE;
				GCC_WARN_UNUSED_FUNCTION = YES;
				GCC_WARN_UNUSED_VARIABLE = YES;
				IPHONEOS_DEPLOYMENT_TARGET = 14.4;
				MTL_ENABLE_DEBUG_INFO = INCLUDE_SOURCE;
				MTL_FAST_MATH = YES;
				ONLY_ACTIVE_ARCH = YES;
				SDKROOT = iphoneos;
				SWIFT_ACTIVE_COMPILATION_CONDITIONS = DEBUG;
				SWIFT_OPTIMIZATION_LEVEL = "-Onone";
			};
			name = Debug;
		};
		6F0AEF3A25F62E79009DA436 /* Release */ = {
			isa = XCBuildConfiguration;
			buildSettings = {
				ALWAYS_SEARCH_USER_PATHS = NO;
				CLANG_ANALYZER_NONNULL = YES;
				CLANG_ANALYZER_NUMBER_OBJECT_CONVERSION = YES_AGGRESSIVE;
				CLANG_CXX_LANGUAGE_STANDARD = "gnu++14";
				CLANG_CXX_LIBRARY = "libc++";
				CLANG_ENABLE_MODULES = YES;
				CLANG_ENABLE_OBJC_ARC = YES;
				CLANG_ENABLE_OBJC_WEAK = YES;
				CLANG_WARN_BLOCK_CAPTURE_AUTORELEASING = YES;
				CLANG_WARN_BOOL_CONVERSION = YES;
				CLANG_WARN_COMMA = YES;
				CLANG_WARN_CONSTANT_CONVERSION = YES;
				CLANG_WARN_DEPRECATED_OBJC_IMPLEMENTATIONS = YES;
				CLANG_WARN_DIRECT_OBJC_ISA_USAGE = YES_ERROR;
				CLANG_WARN_DOCUMENTATION_COMMENTS = YES;
				CLANG_WARN_EMPTY_BODY = YES;
				CLANG_WARN_ENUM_CONVERSION = YES;
				CLANG_WARN_INFINITE_RECURSION = YES;
				CLANG_WARN_INT_CONVERSION = YES;
				CLANG_WARN_NON_LITERAL_NULL_CONVERSION = YES;
				CLANG_WARN_OBJC_IMPLICIT_RETAIN_SELF = YES;
				CLANG_WARN_OBJC_LITERAL_CONVERSION = YES;
				CLANG_WARN_OBJC_ROOT_CLASS = YES_ERROR;
				CLANG_WARN_QUOTED_INCLUDE_IN_FRAMEWORK_HEADER = YES;
				CLANG_WARN_RANGE_LOOP_ANALYSIS = YES;
				CLANG_WARN_STRICT_PROTOTYPES = YES;
				CLANG_WARN_SUSPICIOUS_MOVE = YES;
				CLANG_WARN_UNGUARDED_AVAILABILITY = YES_AGGRESSIVE;
				CLANG_WARN_UNREACHABLE_CODE = YES;
				CLANG_WARN__DUPLICATE_METHOD_MATCH = YES;
				COPY_PHASE_STRIP = NO;
				DEBUG_INFORMATION_FORMAT = "dwarf-with-dsym";
				ENABLE_NS_ASSERTIONS = NO;
				ENABLE_STRICT_OBJC_MSGSEND = YES;
				GCC_C_LANGUAGE_STANDARD = gnu11;
				GCC_NO_COMMON_BLOCKS = YES;
				GCC_WARN_64_TO_32_BIT_CONVERSION = YES;
				GCC_WARN_ABOUT_RETURN_TYPE = YES_ERROR;
				GCC_WARN_UNDECLARED_SELECTOR = YES;
				GCC_WARN_UNINITIALIZED_AUTOS = YES_AGGRESSIVE;
				GCC_WARN_UNUSED_FUNCTION = YES;
				GCC_WARN_UNUSED_VARIABLE = YES;
				IPHONEOS_DEPLOYMENT_TARGET = 14.4;
				MTL_ENABLE_DEBUG_INFO = NO;
				MTL_FAST_MATH = YES;
				SDKROOT = iphoneos;
				SWIFT_COMPILATION_MODE = wholemodule;
				SWIFT_OPTIMIZATION_LEVEL = "-O";
				VALIDATE_PRODUCT = YES;
			};
			name = Release;
		};
		6F0AEF3C25F62E79009DA436 /* Debug */ = {
			isa = XCBuildConfiguration;
			baseConfigurationReference = 039C1CBDAF7F89AE23304921 /* Pods-PaceMaker.debug.xcconfig */;
			buildSettings = {
				ASSETCATALOG_COMPILER_APPICON_NAME = AppIcon;
				ASSETCATALOG_COMPILER_GLOBAL_ACCENT_COLOR_NAME = AccentColor;
				CODE_SIGN_STYLE = Automatic;
				DEVELOPMENT_TEAM = 594TR8CRP9;
				INFOPLIST_FILE = PaceMaker/Info.plist;
				LD_RUNPATH_SEARCH_PATHS = (
					"$(inherited)",
					"@executable_path/Frameworks",
				);
				PRODUCT_BUNDLE_IDENTIFIER = JHH.PaceMaker;
				PRODUCT_NAME = "$(TARGET_NAME)";
				SWIFT_VERSION = 5.0;
				TARGETED_DEVICE_FAMILY = 1;
			};
			name = Debug;
		};
		6F0AEF3D25F62E79009DA436 /* Release */ = {
			isa = XCBuildConfiguration;
			baseConfigurationReference = FE3DAED49DE27D7C85B819DB /* Pods-PaceMaker.release.xcconfig */;
			buildSettings = {
				ASSETCATALOG_COMPILER_APPICON_NAME = AppIcon;
				ASSETCATALOG_COMPILER_GLOBAL_ACCENT_COLOR_NAME = AccentColor;
				CODE_SIGN_STYLE = Automatic;
				DEVELOPMENT_TEAM = 594TR8CRP9;
				INFOPLIST_FILE = PaceMaker/Info.plist;
				LD_RUNPATH_SEARCH_PATHS = (
					"$(inherited)",
					"@executable_path/Frameworks",
				);
				PRODUCT_BUNDLE_IDENTIFIER = JHH.PaceMaker;
				PRODUCT_NAME = "$(TARGET_NAME)";
				SWIFT_VERSION = 5.0;
				TARGETED_DEVICE_FAMILY = 1;
			};
			name = Release;
		};
		6F0AEF3F25F62E79009DA436 /* Debug */ = {
			isa = XCBuildConfiguration;
			baseConfigurationReference = 3E21784E3A880EC290C2B2EE /* Pods-PaceMakerTests.debug.xcconfig */;
			buildSettings = {
				ALWAYS_EMBED_SWIFT_STANDARD_LIBRARIES = YES;
				BUNDLE_LOADER = "$(TEST_HOST)";
				CODE_SIGN_STYLE = Automatic;
				DEVELOPMENT_TEAM = 594TR8CRP9;
				INFOPLIST_FILE = PaceMakerTests/Info.plist;
				IPHONEOS_DEPLOYMENT_TARGET = 14.4;
				LD_RUNPATH_SEARCH_PATHS = (
					"$(inherited)",
					"@executable_path/Frameworks",
					"@loader_path/Frameworks",
				);
				PRODUCT_BUNDLE_IDENTIFIER = JHH.PaceMakerTests;
				PRODUCT_NAME = "$(TARGET_NAME)";
				SWIFT_VERSION = 5.0;
				TARGETED_DEVICE_FAMILY = "1,2";
				TEST_HOST = "$(BUILT_PRODUCTS_DIR)/PaceMaker.app/PaceMaker";
			};
			name = Debug;
		};
		6F0AEF4025F62E79009DA436 /* Release */ = {
			isa = XCBuildConfiguration;
			baseConfigurationReference = 88D9919B0ECBA3CC14076861 /* Pods-PaceMakerTests.release.xcconfig */;
			buildSettings = {
				ALWAYS_EMBED_SWIFT_STANDARD_LIBRARIES = YES;
				BUNDLE_LOADER = "$(TEST_HOST)";
				CODE_SIGN_STYLE = Automatic;
				DEVELOPMENT_TEAM = 594TR8CRP9;
				INFOPLIST_FILE = PaceMakerTests/Info.plist;
				IPHONEOS_DEPLOYMENT_TARGET = 14.4;
				LD_RUNPATH_SEARCH_PATHS = (
					"$(inherited)",
					"@executable_path/Frameworks",
					"@loader_path/Frameworks",
				);
				PRODUCT_BUNDLE_IDENTIFIER = JHH.PaceMakerTests;
				PRODUCT_NAME = "$(TARGET_NAME)";
				SWIFT_VERSION = 5.0;
				TARGETED_DEVICE_FAMILY = "1,2";
				TEST_HOST = "$(BUILT_PRODUCTS_DIR)/PaceMaker.app/PaceMaker";
			};
			name = Release;
		};
		6F0AEF4225F62E79009DA436 /* Debug */ = {
			isa = XCBuildConfiguration;
			baseConfigurationReference = B6496B1806872D6C3A80EB7A /* Pods-PaceMaker-PaceMakerUITests.debug.xcconfig */;
			buildSettings = {
				ALWAYS_EMBED_SWIFT_STANDARD_LIBRARIES = YES;
				CODE_SIGN_STYLE = Automatic;
				DEVELOPMENT_TEAM = 594TR8CRP9;
				INFOPLIST_FILE = PaceMakerUITests/Info.plist;
				LD_RUNPATH_SEARCH_PATHS = (
					"$(inherited)",
					"@executable_path/Frameworks",
					"@loader_path/Frameworks",
				);
				PRODUCT_BUNDLE_IDENTIFIER = JHH.PaceMakerUITests;
				PRODUCT_NAME = "$(TARGET_NAME)";
				SWIFT_VERSION = 5.0;
				TARGETED_DEVICE_FAMILY = "1,2";
				TEST_TARGET_NAME = PaceMaker;
			};
			name = Debug;
		};
		6F0AEF4325F62E79009DA436 /* Release */ = {
			isa = XCBuildConfiguration;
			baseConfigurationReference = D21DCB31DC9D7695C3F8C7D5 /* Pods-PaceMaker-PaceMakerUITests.release.xcconfig */;
			buildSettings = {
				ALWAYS_EMBED_SWIFT_STANDARD_LIBRARIES = YES;
				CODE_SIGN_STYLE = Automatic;
				DEVELOPMENT_TEAM = 594TR8CRP9;
				INFOPLIST_FILE = PaceMakerUITests/Info.plist;
				LD_RUNPATH_SEARCH_PATHS = (
					"$(inherited)",
					"@executable_path/Frameworks",
					"@loader_path/Frameworks",
				);
				PRODUCT_BUNDLE_IDENTIFIER = JHH.PaceMakerUITests;
				PRODUCT_NAME = "$(TARGET_NAME)";
				SWIFT_VERSION = 5.0;
				TARGETED_DEVICE_FAMILY = "1,2";
				TEST_TARGET_NAME = PaceMaker;
			};
			name = Release;
		};
/* End XCBuildConfiguration section */

/* Begin XCConfigurationList section */
		6F0AEF0C25F62E78009DA436 /* Build configuration list for PBXProject "PaceMaker" */ = {
			isa = XCConfigurationList;
			buildConfigurations = (
				6F0AEF3925F62E79009DA436 /* Debug */,
				6F0AEF3A25F62E79009DA436 /* Release */,
			);
			defaultConfigurationIsVisible = 0;
			defaultConfigurationName = Release;
		};
		6F0AEF3B25F62E79009DA436 /* Build configuration list for PBXNativeTarget "PaceMaker" */ = {
			isa = XCConfigurationList;
			buildConfigurations = (
				6F0AEF3C25F62E79009DA436 /* Debug */,
				6F0AEF3D25F62E79009DA436 /* Release */,
			);
			defaultConfigurationIsVisible = 0;
			defaultConfigurationName = Release;
		};
		6F0AEF3E25F62E79009DA436 /* Build configuration list for PBXNativeTarget "PaceMakerTests" */ = {
			isa = XCConfigurationList;
			buildConfigurations = (
				6F0AEF3F25F62E79009DA436 /* Debug */,
				6F0AEF4025F62E79009DA436 /* Release */,
			);
			defaultConfigurationIsVisible = 0;
			defaultConfigurationName = Release;
		};
		6F0AEF4125F62E79009DA436 /* Build configuration list for PBXNativeTarget "PaceMakerUITests" */ = {
			isa = XCConfigurationList;
			buildConfigurations = (
				6F0AEF4225F62E79009DA436 /* Debug */,
				6F0AEF4325F62E79009DA436 /* Release */,
			);
			defaultConfigurationIsVisible = 0;
			defaultConfigurationName = Release;
		};
/* End XCConfigurationList section */

/* Begin XCVersionGroup section */
		6F32C268260A14B400027863 /* Pace.xcdatamodeld */ = {
			isa = XCVersionGroup;
			children = (
				6F32C269260A14B400027863 /* Pace.xcdatamodel */,
			);
			currentVersion = 6F32C269260A14B400027863 /* Pace.xcdatamodel */;
			path = Pace.xcdatamodeld;
			sourceTree = "<group>";
			versionGroupType = wrapper.xcdatamodel;
		};
/* End XCVersionGroup section */
	};
	rootObject = 6F0AEF0925F62E78009DA436 /* Project object */;
}
